PODS:
  - Alamofire (5.12.0)
  - Kingfisher (8.12.0)

DEPENDENCIES:
  - Alamofire
  - Kingfisher

SPEC REPOS:
  trunk:
    - Alamofire
    - Kingfisher

SPEC CHECKSUMS:
  Alamofire: ddb8d5201667b256dbc225f3fc6e835a0753186f
  Kingfisher: 64e06c7d1a9851ecff9d1b14f92ad01141263dae

PODFILE CHECKSUM: dc0a743c89d3ecdae875d5e96a91ce023ca14ed3

COCOAPODS: 1.17.0
